
Microsoft Visual Studio Solution File, Format Version 12.00
# Visual Studio Version 17
VisualStudioVersion = 17.8.34322.80
MinimumVisualStudioVersion = 10.0.40219.1
Project("{FAE04EC0-301F-11D3-BF4B-00C04F79EFBC}") = "DanshesgaSQL", "DanshesgaSQL\DanshesgaSQL.csproj", "{A2A41DB8-DCA1-41D8-8356-09B2963B70CF}"
EndProject
Global
	GlobalSection(SolutionConfigurationPlatforms) = preSolution
		Debug|Any CPU = Debug|Any CPU
		Release|Any CPU = Release|Any CPU
	EndGlobalSection
	GlobalSection(ProjectConfigurationPlatforms) = postSolution
		{A2A41DB8-DCA1-41D8-8356-09B2963B70CF}.Debug|Any CPU.ActiveCfg = Debug|Any CPU
		{A2A41DB8-DCA1-41D8-8356-09B2963B70CF}.Debug|Any CPU.Build.0 = Debug|Any CPU
		{A2A41DB8-DCA1-41D8-8356-09B2963B70CF}.Release|Any CPU.ActiveCfg = Release|Any CPU
		{A2A41DB8-DCA1-41D8-8356-09B2963B70CF}.Release|Any CPU.Build.0 = Release|Any CPU
	EndGlobalSection
	GlobalSection(SolutionProperties) = preSolution
		HideSolutionNode = FALSE
	EndGlobalSection
	GlobalSection(ExtensibilityGlobals) = postSolution
		SolutionGuid = {798459F9-809E-4086-A1AE-0603B9439E18}
	EndGlobalSection
EndGlobal
